<?xml version="1.0" encoding="utf-8"?>
<Project ToolsVersion="4.0" xmlns="http://schemas.microsoft.com/developer/msbuild/2003">
  <ItemGroup>
    <Filter Include="Source Files">
      <UniqueIdentifier>{43f50cf6-b080-4d13-a91f-736b41eb210f}</UniqueIdentifier>
      <Extensions>cpp;c;cxx;def;odl;idl;hpj;bat;asm</Extensions>
    </Filter>
  </ItemGroup>
  <ItemGroup>
    <ClCompile Include="..\Generic\accel.c">
      <Filter>Source Files</Filter>
    </ClCompile>
    <ClCompile Include="..\Generic\exec.c">
      <Filter>Source Files</Filter>
    </ClCompile>
    <ClCompile Include="..\Generic\files.c">
      <Filter>Source Files</Filter>
    </ClCompile>
    <ClCompile Include="..\Generic\float.c">
      <Filter>Source Files</Filter>
    </ClCompile>
    <ClCompile Include="..\Generic\funcs.c">
      <Filter>Source Files</Filter>
    </ClCompile>
    <ClCompile Include="..\Generic\gestalt.c">
      <Filter>Source Files</Filter>
    </ClCompile>
    <ClCompile Include="..\Generic\glkop.c">
      <Filter>Source Files</Filter>
    </ClCompile>
    <ClCompile Include="..\Generic\heap.c">
      <Filter>Source Files</Filter>
    </ClCompile>
    <ClCompile Include="..\Generic\main.c">
      <Filter>Source Files</Filter>
    </ClCompile>
    <ClCompile Include="..\Generic\operand.c">
      <Filter>Source Files</Filter>
    </ClCompile>
    <ClCompile Include="..\Generic\osdepend.c">
      <Filter>Source Files</Filter>
    </ClCompile>
    <ClCompile Include="..\Generic\profile.c">
      <Filter>Source Files</Filter>
    </ClCompile>
    <ClCompile Include="..\Generic\search.c">
      <Filter>Source Files</Filter>
    </ClCompile>
    <ClCompile Include="..\Generic\serial.c">
      <Filter>Source Files</Filter>
    </ClCompile>
    <ClCompile Include="..\Generic\string.c">
      <Filter>Source Files</Filter>
    </ClCompile>
    <ClCompile Include="..\Generic\vm.c">
      <Filter>Source Files</Filter>
    </ClCompile>
    <ClCompile Include="winstart.c">
      <Filter>Source Files</Filter>
    </ClCompile>
  </ItemGroup>
  <ItemGroup>
    <ResourceCompile Include="glulxe.rc">
      <Filter>Source Files</Filter>
    </ResourceCompile>
  </ItemGroup>
  <ItemGroup>
    <CustomBuild Include="help\Glulxe.hhp">
      <Filter>Source Files</Filter>
    </CustomBuild>
  </ItemGroup>
</Project>