Microsoft Visual Studio Solution File, Format Version 12.00
# Visual Studio Version 16
VisualStudioVersion = 16.0.31205.134
MinimumVisualStudioVersion = 10.0.40219.1
Project("{8BC9CEB8-8B4A-11D0-8D11-00A0C91BC942}") = "Glulxe", "Glulxe.vcxproj", "{F859C11D-453B-4B63-BF0D-5C503A3F4BCA}"
EndProject
Project("{8BC9CEB8-8B4A-11D0-8D11-00A0C91BC942}") = "Glulxe_debug", "Glulxe_debug.vcxproj", "{1C398E81-F601-4875-A053-216DD6AE2431}"
EndProject
Global
	GlobalSection(SolutionConfigurationPlatforms) = preSolution
		Debug|x86 = Debug|x86
		Release|x86 = Release|x86
	EndGlobalSection
	GlobalSection(ProjectConfigurationPlatforms) = postSolution
		{F859C11D-453B-4B63-BF0D-5C503A3F4BCA}.Debug|x86.ActiveCfg = Debug|Win32
		{F859C11D-453B-4B63-BF0D-5C503A3F4BCA}.Debug|x86.Build.0 = Debug|Win32
		{F859C11D-453B-4B63-BF0D-5C503A3F4BCA}.Release|x86.ActiveCfg = Release|Win32
		{F859C11D-453B-4B63-BF0D-5C503A3F4BCA}.Release|x86.Build.0 = Release|Win32
		{1C398E81-F601-4875-A053-216DD6AE2431}.Debug|x86.ActiveCfg = Debug|Win32
		{1C398E81-F601-4875-A053-216DD6AE2431}.Debug|x86.Build.0 = Debug|Win32
		{1C398E81-F601-4875-A053-216DD6AE2431}.Release|x86.ActiveCfg = Release|Win32
		{1C398E81-F601-4875-A053-216DD6AE2431}.Release|x86.Build.0 = Release|Win32
	EndGlobalSection
	GlobalSection(SolutionProperties) = preSolution
		HideSolutionNode = FALSE
	EndGlobalSection
	GlobalSection(ExtensibilityGlobals) = postSolution
		SolutionGuid = {0F563453-4819-43D3-9167-EE3B7B99D888}
	EndGlobalSection
EndGlobal
